// !$*UTF8*$!
{
	archiveVersion = 1;
	classes = {
	};
	objectVersion = 56;
	objects = {

/* Begin PBXBuildFile section */

		6E00280A29BBEB8900C0750E /* CityListViewController.swift in Sources */ = {isa = PBXBuildFile; fileRef = 6E00280929BBEB8900C0750E /* CityListViewController.swift */; };
		6E00280C29BBEBB300C0750E /* ShelterListViewController.swift in Sources */ = {isa = PBXBuildFile; fileRef = 6E00280B29BBEBB300C0750E /* ShelterListViewController.swift */; };
		6E00280E29BBEBDE00C0750E /* AnimalListViewController.swift in Sources */ = {isa = PBXBuildFile; fileRef = 6E00280D29BBEBDE00C0750E /* AnimalListViewController.swift */; };
		6E00281029BBEBFF00C0750E /* AnimalInfoViewController.swift in Sources */ = {isa = PBXBuildFile; fileRef = 6E00280F29BBEBFF00C0750E /* AnimalInfoViewController.swift */; };

		3A5AA7B329BB9B04002121B3 /* Developers.swift in Sources */ = {isa = PBXBuildFile; fileRef = 3A5AA7B229BB9B04002121B3 /* Developers.swift */; };
		3A5AA7B529BBA1F7002121B3 /* DevelopersTableViewController.swift in Sources */ = {isa = PBXBuildFile; fileRef = 3A5AA7B429BBA1F7002121B3 /* DevelopersTableViewController.swift */; };

		ADA68C7229B9F3CB00E0EBB8 /* AppDelegate.swift in Sources */ = {isa = PBXBuildFile; fileRef = ADA68C7129B9F3CB00E0EBB8 /* AppDelegate.swift */; };
		ADA68C7429B9F3CB00E0EBB8 /* SceneDelegate.swift in Sources */ = {isa = PBXBuildFile; fileRef = ADA68C7329B9F3CB00E0EBB8 /* SceneDelegate.swift */; };
		ADA68C7629B9F3CB00E0EBB8 /* ViewController.swift in Sources */ = {isa = PBXBuildFile; fileRef = ADA68C7529B9F3CB00E0EBB8 /* ViewController.swift */; };
		ADA68C7929B9F3CB00E0EBB8 /* Main.storyboard in Resources */ = {isa = PBXBuildFile; fileRef = ADA68C7729B9F3CB00E0EBB8 /* Main.storyboard */; };
		ADA68C7B29B9F3CC00E0EBB8 /* Assets.xcassets in Resources */ = {isa = PBXBuildFile; fileRef = ADA68C7A29B9F3CC00E0EBB8 /* Assets.xcassets */; };
		ADA68C7E29B9F3CC00E0EBB8 /* LaunchScreen.storyboard in Resources */ = {isa = PBXBuildFile; fileRef = ADA68C7C29B9F3CC00E0EBB8 /* LaunchScreen.storyboard */; };
		ADA68CA929BA5AFC00E0EBB8 /* Shelters.swift in Sources */ = {isa = PBXBuildFile; fileRef = ADA68CA829BA5AFC00E0EBB8 /* Shelters.swift */; };
		ADA68CAC29BA5D7C00E0EBB8 /* DataManager.swift in Sources */ = {isa = PBXBuildFile; fileRef = ADA68CAB29BA5D7C00E0EBB8 /* DataManager.swift */; };
/* End PBXBuildFile section */

/* Begin PBXFileReference section */

		6E00280929BBEB8900C0750E /* CityListViewController.swift */ = {isa = PBXFileReference; lastKnownFileType = sourcecode.swift; path = CityListViewController.swift; sourceTree = "<group>"; };
		6E00280B29BBEBB300C0750E /* ShelterListViewController.swift */ = {isa = PBXFileReference; lastKnownFileType = sourcecode.swift; path = ShelterListViewController.swift; sourceTree = "<group>"; };
		6E00280D29BBEBDE00C0750E /* AnimalListViewController.swift */ = {isa = PBXFileReference; lastKnownFileType = sourcecode.swift; path = AnimalListViewController.swift; sourceTree = "<group>"; };
		6E00280F29BBEBFF00C0750E /* AnimalInfoViewController.swift */ = {isa = PBXFileReference; lastKnownFileType = sourcecode.swift; path = AnimalInfoViewController.swift; sourceTree = "<group>"; };

		3A5AA7B229BB9B04002121B3 /* Developers.swift */ = {isa = PBXFileReference; lastKnownFileType = sourcecode.swift; path = Developers.swift; sourceTree = "<group>"; };
		3A5AA7B429BBA1F7002121B3 /* DevelopersTableViewController.swift */ = {isa = PBXFileReference; lastKnownFileType = sourcecode.swift; path = DevelopersTableViewController.swift; sourceTree = "<group>"; };

    ADA68C6E29B9F3CB00E0EBB8 /* HelpPaw.app */ = {isa = PBXFileReference; explicitFileType = wrapper.application; includeInIndex = 0; path = HelpPaw.app; sourceTree = BUILT_PRODUCTS_DIR; };
		ADA68C7129B9F3CB00E0EBB8 /* AppDelegate.swift */ = {isa = PBXFileReference; lastKnownFileType = sourcecode.swift; path = AppDelegate.swift; sourceTree = "<group>"; };
		ADA68C7329B9F3CB00E0EBB8 /* SceneDelegate.swift */ = {isa = PBXFileReference; lastKnownFileType = sourcecode.swift; path = SceneDelegate.swift; sourceTree = "<group>"; };
		ADA68C7529B9F3CB00E0EBB8 /* ViewController.swift */ = {isa = PBXFileReference; lastKnownFileType = sourcecode.swift; path = ViewController.swift; sourceTree = "<group>"; };
		ADA68C7829B9F3CB00E0EBB8 /* Base */ = {isa = PBXFileReference; lastKnownFileType = file.storyboard; name = Base; path = Base.lproj/Main.storyboard; sourceTree = "<group>"; };
		ADA68C7A29B9F3CC00E0EBB8 /* Assets.xcassets */ = {isa = PBXFileReference; lastKnownFileType = folder.assetcatalog; path = Assets.xcassets; sourceTree = "<group>"; };
		ADA68C7D29B9F3CC00E0EBB8 /* Base */ = {isa = PBXFileReference; lastKnownFileType = file.storyboard; name = Base; path = Base.lproj/LaunchScreen.storyboard; sourceTree = "<group>"; };
		ADA68C7F29B9F3CC00E0EBB8 /* Info.plist */ = {isa = PBXFileReference; lastKnownFileType = text.plist.xml; path = Info.plist; sourceTree = "<group>"; };
		ADA68CA829BA5AFC00E0EBB8 /* Shelters.swift */ = {isa = PBXFileReference; lastKnownFileType = sourcecode.swift; path = Shelters.swift; sourceTree = "<group>"; };
		ADA68CAB29BA5D7C00E0EBB8 /* DataManager.swift */ = {isa = PBXFileReference; lastKnownFileType = sourcecode.swift; path = DataManager.swift; sourceTree = "<group>"; };
/* End PBXFileReference section */

/* Begin PBXFrameworksBuildPhase section */
		ADA68C6B29B9F3CB00E0EBB8 /* Frameworks */ = {
			isa = PBXFrameworksBuildPhase;
			buildActionMask = 2147483647;
			files = (
			);
			runOnlyForDeploymentPostprocessing = 0;
		};
/* End PBXFrameworksBuildPhase section */

/* Begin PBXGroup section */
		ADA68C6529B9F3CB00E0EBB8 = {
			isa = PBXGroup;
			children = (
				ADA68C7029B9F3CB00E0EBB8 /* HelpPaw */,
				ADA68C6F29B9F3CB00E0EBB8 /* Products */,
			);
			sourceTree = "<group>";
		};
		ADA68C6F29B9F3CB00E0EBB8 /* Products */ = {
			isa = PBXGroup;
			children = (
				ADA68C6E29B9F3CB00E0EBB8 /* HelpPaw.app */,
			);
			name = Products;
			sourceTree = "<group>";
		};
		ADA68C7029B9F3CB00E0EBB8 /* HelpPaw */ = {
			isa = PBXGroup;
			children = (
				ADA68C8529B9F3ED00E0EBB8 /* App */,
				ADA68C8729B9F42900E0EBB8 /* ViewControllers */,
				ADA68C8629B9F41400E0EBB8 /* Storyboards */,
				ADA68C7A29B9F3CC00E0EBB8 /* Assets.xcassets */,
				ADA68CAA29BA5B0700E0EBB8 /* Models */,
				ADA68CAD29BA5D8600E0EBB8 /* DataManager */,
			);
			path = HelpPaw;
			sourceTree = "<group>";
		};
		ADA68C8529B9F3ED00E0EBB8 /* App */ = {
			isa = PBXGroup;
			children = (
				ADA68C7129B9F3CB00E0EBB8 /* AppDelegate.swift */,
				ADA68C7329B9F3CB00E0EBB8 /* SceneDelegate.swift */,
				ADA68C7F29B9F3CC00E0EBB8 /* Info.plist */,
			);
			path = App;
			sourceTree = "<group>";
		};
		ADA68C8629B9F41400E0EBB8 /* Storyboards */ = {
			isa = PBXGroup;
			children = (
				ADA68C7729B9F3CB00E0EBB8 /* Main.storyboard */,
				ADA68C7C29B9F3CC00E0EBB8 /* LaunchScreen.storyboard */,
			);
			path = Storyboards;
			sourceTree = "<group>";
		};
		ADA68C8729B9F42900E0EBB8 /* ViewControllers */ = {
			isa = PBXGroup;
			children = (
				ADA68C7529B9F3CB00E0EBB8 /* ViewController.swift */,
				6E00280929BBEB8900C0750E /* CityListViewController.swift */,
				6E00280B29BBEBB300C0750E /* ShelterListViewController.swift */,
				6E00280D29BBEBDE00C0750E /* AnimalListViewController.swift */,
				6E00280F29BBEBFF00C0750E /* AnimalInfoViewController.swift */,

				3A5AA7B429BBA1F7002121B3 /* DevelopersTableViewController.swift */,

			);
			path = ViewControllers;
			sourceTree = "<group>";
		};
		ADA68CAA29BA5B0700E0EBB8 /* Models */ = {
			isa = PBXGroup;
			children = (
				ADA68CA829BA5AFC00E0EBB8 /* Shelters.swift */,
				3A5AA7B229BB9B04002121B3 /* Developers.swift */,
			);
			path = Models;
			sourceTree = "<group>";
		};
		ADA68CAD29BA5D8600E0EBB8 /* DataManager */ = {
			isa = PBXGroup;
			children = (
				ADA68CAB29BA5D7C00E0EBB8 /* DataManager.swift */,
			);
			path = DataManager;
			sourceTree = "<group>";
		};
/* End PBXGroup section */

/* Begin PBXNativeTarget section */
		ADA68C6D29B9F3CB00E0EBB8 /* HelpPaw */ = {
			isa = PBXNativeTarget;
			buildConfigurationList = ADA68C8229B9F3CC00E0EBB8 /* Build configuration list for PBXNativeTarget "HelpPaw" */;
			buildPhases = (
				ADA68C6A29B9F3CB00E0EBB8 /* Sources */,
				ADA68C6B29B9F3CB00E0EBB8 /* Frameworks */,
				ADA68C6C29B9F3CB00E0EBB8 /* Resources */,
			);
			buildRules = (
			);
			dependencies = (
			);
			name = HelpPaw;
			productName = HelpPaw;
			productReference = ADA68C6E29B9F3CB00E0EBB8 /* HelpPaw.app */;
			productType = "com.apple.product-type.application";
		};
/* End PBXNativeTarget section */

/* Begin PBXProject section */
		ADA68C6629B9F3CB00E0EBB8 /* Project object */ = {
			isa = PBXProject;
			attributes = {
				BuildIndependentTargetsInParallel = 1;
				LastSwiftUpdateCheck = 1420;
				LastUpgradeCheck = 1420;
				TargetAttributes = {
					ADA68C6D29B9F3CB00E0EBB8 = {
						CreatedOnToolsVersion = 14.2;
					};
				};
			};
			buildConfigurationList = ADA68C6929B9F3CB00E0EBB8 /* Build configuration list for PBXProject "HelpPaw" */;
			compatibilityVersion = "Xcode 14.0";
			developmentRegion = en;
			hasScannedForEncodings = 0;
			knownRegions = (
				en,
				Base,
			);
			mainGroup = ADA68C6529B9F3CB00E0EBB8;
			productRefGroup = ADA68C6F29B9F3CB00E0EBB8 /* Products */;
			projectDirPath = "";
			projectRoot = "";
			targets = (
				ADA68C6D29B9F3CB00E0EBB8 /* HelpPaw */,
			);
		};
/* End PBXProject section */

/* Begin PBXResourcesBuildPhase section */
		ADA68C6C29B9F3CB00E0EBB8 /* Resources */ = {
			isa = PBXResourcesBuildPhase;
			buildActionMask = 2147483647;
			files = (
				ADA68C7E29B9F3CC00E0EBB8 /* LaunchScreen.storyboard in Resources */,
				ADA68C7B29B9F3CC00E0EBB8 /* Assets.xcassets in Resources */,
				ADA68C7929B9F3CB00E0EBB8 /* Main.storyboard in Resources */,
			);
			runOnlyForDeploymentPostprocessing = 0;
		};
/* End PBXResourcesBuildPhase section */

/* Begin PBXSourcesBuildPhase section */
		ADA68C6A29B9F3CB00E0EBB8 /* Sources */ = {
			isa = PBXSourcesBuildPhase;
			buildActionMask = 2147483647;
			files = (
				3A5AA7B529BBA1F7002121B3 /* DevelopersTableViewController.swift in Sources */,
				3A5AA7B329BB9B04002121B3 /* Developers.swift in Sources */,
				ADA68C7629B9F3CB00E0EBB8 /* ViewController.swift in Sources */,
				6E00281029BBEBFF00C0750E /* AnimalInfoViewController.swift in Sources */,
				6E00280C29BBEBB300C0750E /* ShelterListViewController.swift in Sources */,
				ADA68CAC29BA5D7C00E0EBB8 /* DataManager.swift in Sources */,
				ADA68C7229B9F3CB00E0EBB8 /* AppDelegate.swift in Sources */,
				ADA68C7429B9F3CB00E0EBB8 /* SceneDelegate.swift in Sources */,
				ADA68CA929BA5AFC00E0EBB8 /* Shelters.swift in Sources */,
				6E00280E29BBEBDE00C0750E /* AnimalListViewController.swift in Sources */,
				6E00280A29BBEB8900C0750E /* CityListViewController.swift in Sources */,
			);
			runOnlyForDeploymentPostprocessing = 0;
		};
/* End PBXSourcesBuildPhase section */

/* Begin PBXVariantGroup section */
		ADA68C7729B9F3CB00E0EBB8 /* Main.storyboard */ = {
			isa = PBXVariantGroup;
			children = (
				ADA68C7829B9F3CB00E0EBB8 /* Base */,
			);
			name = Main.storyboard;
			sourceTree = "<group>";
		};
		ADA68C7C29B9F3CC00E0EBB8 /* LaunchScreen.storyboard */ = {
			isa = PBXVariantGroup;
			children = (
				ADA68C7D29B9F3CC00E0EBB8 /* Base */,
			);
			name = LaunchScreen.storyboard;
			sourceTree = "<group>";
		};
/* End PBXVariantGroup section */

/* Begin XCBuildConfiguration section */
		ADA68C8029B9F3CC00E0EBB8 /* Debug */ = {
			isa = XCBuildConfiguration;
			buildSettings = {
				ALWAYS_SEARCH_USER_PATHS = NO;
				CLANG_ANALYZER_NONNULL = YES;
				CLANG_ANALYZER_NUMBER_OBJECT_CONVERSION = YES_AGGRESSIVE;
				CLANG_CXX_LANGUAGE_STANDARD = "gnu++20";
				CLANG_ENABLE_MODULES = YES;
				CLANG_ENABLE_OBJC_ARC = YES;
				CLANG_ENABLE_OBJC_WEAK = YES;
				CLANG_WARN_BLOCK_CAPTURE_AUTORELEASING = YES;
				CLANG_WARN_BOOL_CONVERSION = YES;
				CLANG_WARN_COMMA = YES;
				CLANG_WARN_CONSTANT_CONVERSION = YES;
				CLANG_WARN_DEPRECATED_OBJC_IMPLEMENTATIONS = YES;
				CLANG_WARN_DIRECT_OBJC_ISA_USAGE = YES_ERROR;
				CLANG_WARN_DOCUMENTATION_COMMENTS = YES;
				CLANG_WARN_EMPTY_BODY = YES;
				CLANG_WARN_ENUM_CONVERSION = YES;
				CLANG_WARN_INFINITE_RECURSION = YES;
				CLANG_WARN_INT_CONVERSION = YES;
				CLANG_WARN_NON_LITERAL_NULL_CONVERSION = YES;
				CLANG_WARN_OBJC_IMPLICIT_RETAIN_SELF = YES;
				CLANG_WARN_OBJC_LITERAL_CONVERSION = YES;
				CLANG_WARN_OBJC_ROOT_CLASS = YES_ERROR;
				CLANG_WARN_QUOTED_INCLUDE_IN_FRAMEWORK_HEADER = YES;
				CLANG_WARN_RANGE_LOOP_ANALYSIS = YES;
				CLANG_WARN_STRICT_PROTOTYPES = YES;
				CLANG_WARN_SUSPICIOUS_MOVE = YES;
				CLANG_WARN_UNGUARDED_AVAILABILITY = YES_AGGRESSIVE;
				CLANG_WARN_UNREACHABLE_CODE = YES;
				CLANG_WARN__DUPLICATE_METHOD_MATCH = YES;
				COPY_PHASE_STRIP = NO;
				DEBUG_INFORMATION_FORMAT = dwarf;
				ENABLE_STRICT_OBJC_MSGSEND = YES;
				ENABLE_TESTABILITY = YES;
				GCC_C_LANGUAGE_STANDARD = gnu11;
				GCC_DYNAMIC_NO_PIC = NO;
				GCC_NO_COMMON_BLOCKS = YES;
				GCC_OPTIMIZATION_LEVEL = 0;
				GCC_PREPROCESSOR_DEFINITIONS = (
					"DEBUG=1",
					"$(inherited)",
				);
				GCC_WARN_64_TO_32_BIT_CONVERSION = YES;
				GCC_WARN_ABOUT_RETURN_TYPE = YES_ERROR;
				GCC_WARN_UNDECLARED_SELECTOR = YES;
				GCC_WARN_UNINITIALIZED_AUTOS = YES_AGGRESSIVE;
				GCC_WARN_UNUSED_FUNCTION = YES;
				GCC_WARN_UNUSED_VARIABLE = YES;
				IPHONEOS_DEPLOYMENT_TARGET = 16.2;
				MTL_ENABLE_DEBUG_INFO = INCLUDE_SOURCE;
				MTL_FAST_MATH = YES;
				ONLY_ACTIVE_ARCH = YES;
				SDKROOT = iphoneos;
				SWIFT_ACTIVE_COMPILATION_CONDITIONS = DEBUG;
				SWIFT_OPTIMIZATION_LEVEL = "-Onone";
			};
			name = Debug;
		};
		ADA68C8129B9F3CC00E0EBB8 /* Release */ = {
			isa = XCBuildConfiguration;
			buildSettings = {
				ALWAYS_SEARCH_USER_PATHS = NO;
				CLANG_ANALYZER_NONNULL = YES;
				CLANG_ANALYZER_NUMBER_OBJECT_CONVERSION = YES_AGGRESSIVE;
				CLANG_CXX_LANGUAGE_STANDARD = "gnu++20";
				CLANG_ENABLE_MODULES = YES;
				CLANG_ENABLE_OBJC_ARC = YES;
				CLANG_ENABLE_OBJC_WEAK = YES;
				CLANG_WARN_BLOCK_CAPTURE_AUTORELEASING = YES;
				CLANG_WARN_BOOL_CONVERSION = YES;
				CLANG_WARN_COMMA = YES;
				CLANG_WARN_CONSTANT_CONVERSION = YES;
				CLANG_WARN_DEPRECATED_OBJC_IMPLEMENTATIONS = YES;
				CLANG_WARN_DIRECT_OBJC_ISA_USAGE = YES_ERROR;
				CLANG_WARN_DOCUMENTATION_COMMENTS = YES;
				CLANG_WARN_EMPTY_BODY = YES;
				CLANG_WARN_ENUM_CONVERSION = YES;
				CLANG_WARN_INFINITE_RECURSION = YES;
				CLANG_WARN_INT_CONVERSION = YES;
				CLANG_WARN_NON_LITERAL_NULL_CONVERSION = YES;
				CLANG_WARN_OBJC_IMPLICIT_RETAIN_SELF = YES;
				CLANG_WARN_OBJC_LITERAL_CONVERSION = YES;
				CLANG_WARN_OBJC_ROOT_CLASS = YES_ERROR;
				CLANG_WARN_QUOTED_INCLUDE_IN_FRAMEWORK_HEADER = YES;
				CLANG_WARN_RANGE_LOOP_ANALYSIS = YES;
				CLANG_WARN_STRICT_PROTOTYPES = YES;
				CLANG_WARN_SUSPICIOUS_MOVE = YES;
				CLANG_WARN_UNGUARDED_AVAILABILITY = YES_AGGRESSIVE;
				CLANG_WARN_UNREACHABLE_CODE = YES;
				CLANG_WARN__DUPLICATE_METHOD_MATCH = YES;
				COPY_PHASE_STRIP = NO;
				DEBUG_INFORMATION_FORMAT = "dwarf-with-dsym";
				ENABLE_NS_ASSERTIONS = NO;
				ENABLE_STRICT_OBJC_MSGSEND = YES;
				GCC_C_LANGUAGE_STANDARD = gnu11;
				GCC_NO_COMMON_BLOCKS = YES;
				GCC_WARN_64_TO_32_BIT_CONVERSION = YES;
				GCC_WARN_ABOUT_RETURN_TYPE = YES_ERROR;
				GCC_WARN_UNDECLARED_SELECTOR = YES;
				GCC_WARN_UNINITIALIZED_AUTOS = YES_AGGRESSIVE;
				GCC_WARN_UNUSED_FUNCTION = YES;
				GCC_WARN_UNUSED_VARIABLE = YES;
				IPHONEOS_DEPLOYMENT_TARGET = 16.2;
				MTL_ENABLE_DEBUG_INFO = NO;
				MTL_FAST_MATH = YES;
				SDKROOT = iphoneos;
				SWIFT_COMPILATION_MODE = wholemodule;
				SWIFT_OPTIMIZATION_LEVEL = "-O";
				VALIDATE_PRODUCT = YES;
			};
			name = Release;
		};
		ADA68C8329B9F3CC00E0EBB8 /* Debug */ = {
			isa = XCBuildConfiguration;
			buildSettings = {
				ASSETCATALOG_COMPILER_APPICON_NAME = AppIcon;
				ASSETCATALOG_COMPILER_GLOBAL_ACCENT_COLOR_NAME = AccentColor;
				CODE_SIGN_STYLE = Automatic;
				CURRENT_PROJECT_VERSION = 1;
				DEVELOPMENT_TEAM = 67U424DH3Z;
				GENERATE_INFOPLIST_FILE = YES;
				INFOPLIST_FILE = HelpPaw/App/Info.plist;
				INFOPLIST_KEY_UIApplicationSupportsIndirectInputEvents = YES;
				INFOPLIST_KEY_UILaunchStoryboardName = LaunchScreen;
				INFOPLIST_KEY_UIMainStoryboardFile = Main;
				INFOPLIST_KEY_UISupportedInterfaceOrientations = UIInterfaceOrientationPortrait;
				INFOPLIST_KEY_UISupportedInterfaceOrientations_iPad = "UIInterfaceOrientationLandscapeLeft UIInterfaceOrientationLandscapeRight UIInterfaceOrientationPortrait UIInterfaceOrientationPortraitUpsideDown";
				LD_RUNPATH_SEARCH_PATHS = (
					"$(inherited)",
					"@executable_path/Frameworks",
				);
				MARKETING_VERSION = 1.0;
				PRODUCT_BUNDLE_IDENTIFIER = lantsov.HelpPaw;
				PRODUCT_NAME = "$(TARGET_NAME)";
				SUPPORTED_PLATFORMS = "iphoneos iphonesimulator";
				SUPPORTS_MACCATALYST = NO;
				SUPPORTS_MAC_DESIGNED_FOR_IPHONE_IPAD = NO;
				SWIFT_EMIT_LOC_STRINGS = YES;
				SWIFT_VERSION = 5.0;
				TARGETED_DEVICE_FAMILY = 1;
			};
			name = Debug;
		};
		ADA68C8429B9F3CC00E0EBB8 /* Release */ = {
			isa = XCBuildConfiguration;
			buildSettings = {
				ASSETCATALOG_COMPILER_APPICON_NAME = AppIcon;
				ASSETCATALOG_COMPILER_GLOBAL_ACCENT_COLOR_NAME = AccentColor;
				CODE_SIGN_STYLE = Automatic;
				CURRENT_PROJECT_VERSION = 1;
				DEVELOPMENT_TEAM = 67U424DH3Z;
				GENERATE_INFOPLIST_FILE = YES;
				INFOPLIST_FILE = HelpPaw/App/Info.plist;
				INFOPLIST_KEY_UIApplicationSupportsIndirectInputEvents = YES;
				INFOPLIST_KEY_UILaunchStoryboardName = LaunchScreen;
				INFOPLIST_KEY_UIMainStoryboardFile = Main;
				INFOPLIST_KEY_UISupportedInterfaceOrientations = UIInterfaceOrientationPortrait;
				INFOPLIST_KEY_UISupportedInterfaceOrientations_iPad = "UIInterfaceOrientationLandscapeLeft UIInterfaceOrientationLandscapeRight UIInterfaceOrientationPortrait UIInterfaceOrientationPortraitUpsideDown";
				LD_RUNPATH_SEARCH_PATHS = (
					"$(inherited)",
					"@executable_path/Frameworks",
				);
				MARKETING_VERSION = 1.0;
				PRODUCT_BUNDLE_IDENTIFIER = lantsov.HelpPaw;
				PRODUCT_NAME = "$(TARGET_NAME)";
				SUPPORTED_PLATFORMS = "iphoneos iphonesimulator";
				SUPPORTS_MACCATALYST = NO;
				SUPPORTS_MAC_DESIGNED_FOR_IPHONE_IPAD = NO;
				SWIFT_EMIT_LOC_STRINGS = YES;
				SWIFT_VERSION = 5.0;
				TARGETED_DEVICE_FAMILY = 1;
			};
			name = Release;
		};
/* End XCBuildConfiguration section */

/* Begin XCConfigurationList section */
		ADA68C6929B9F3CB00E0EBB8 /* Build configuration list for PBXProject "HelpPaw" */ = {
			isa = XCConfigurationList;
			buildConfigurations = (
				ADA68C8029B9F3CC00E0EBB8 /* Debug */,
				ADA68C8129B9F3CC00E0EBB8 /* Release */,
			);
			defaultConfigurationIsVisible = 0;
			defaultConfigurationName = Release;
		};
		ADA68C8229B9F3CC00E0EBB8 /* Build configuration list for PBXNativeTarget "HelpPaw" */ = {
			isa = XCConfigurationList;
			buildConfigurations = (
				ADA68C8329B9F3CC00E0EBB8 /* Debug */,
				ADA68C8429B9F3CC00E0EBB8 /* Release */,
			);
			defaultConfigurationIsVisible = 0;
			defaultConfigurationName = Release;
		};
/* End XCConfigurationList section */
	};
	rootObject = ADA68C6629B9F3CB00E0EBB8 /* Project object */;
}
